// !$*UTF8*$!
{
	archiveVersion = 1;
	classes = {
	};
	objectVersion = 46;
	objects = {

/* Begin PBXBuildFile section */
		770D60321AC1B8F800258560 /* UIView+YALConstraints.m in Sources */ = {isa = PBXBuildFile; fileRef = 770D602C1AC1B8F800258560 /* UIView+YALConstraints.m */; };
		770D60331AC1B8F800258560 /* YALContextMenuTableView.m in Sources */ = {isa = PBXBuildFile; fileRef = 770D602F1AC1B8F800258560 /* YALContextMenuTableView.m */; };
		770D60341AC1B8F800258560 /* YALNavigationBar.m in Sources */ = {isa = PBXBuildFile; fileRef = 770D60311AC1B8F800258560 /* YALNavigationBar.m */; };
		770D60391AC1BA5600258560 /* ContextMenuCell.m in Sources */ = {isa = PBXBuildFile; fileRef = 770D60371AC1BA5600258560 /* ContextMenuCell.m */; };
		770D603A1AC1BA5600258560 /* ContextMenuCell.xib in Resources */ = {isa = PBXBuildFile; fileRef = 770D60381AC1BA5600258560 /* ContextMenuCell.xib */; };
		772179261AC039AD0058649B /* BarItem.m in Sources */ = {isa = PBXBuildFile; fileRef = 772179231AC039AD0058649B /* BarItem.m */; };
		772179271AC039AD0058649B /* CBStoreHouseRefreshControl.m in Sources */ = {isa = PBXBuildFile; fileRef = 772179251AC039AD0058649B /* CBStoreHouseRefreshControl.m */; };
		773C8C851AC1CEC30047A1E1 /* newc.png in Resources */ = {isa = PBXBuildFile; fileRef = 773C8C841AC1CEC30047A1E1 /* newc.png */; };
		773C8C871AC1CF010047A1E1 /* comments.png in Resources */ = {isa = PBXBuildFile; fileRef = 773C8C861AC1CF010047A1E1 /* comments.png */; };
		773C8C891AC1CF330047A1E1 /* share.png in Resources */ = {isa = PBXBuildFile; fileRef = 773C8C881AC1CF330047A1E1 /* share.png */; };
		773C8C8B1AC1CF600047A1E1 /* close.png in Resources */ = {isa = PBXBuildFile; fileRef = 773C8C8A1AC1CF600047A1E1 /* close.png */; };
		7750DE501AC1C39E00B98ABA /* Images.xcassets in Resources */ = {isa = PBXBuildFile; fileRef = 7750DE4F1AC1C39E00B98ABA /* Images.xcassets */; };
		7785ECD61ABDC76100B4C223 /* HTMLNode.m in Sources */ = {isa = PBXBuildFile; fileRef = 7785ECD31ABDC76100B4C223 /* HTMLNode.m */; };
		7785ECD71ABDC76100B4C223 /* HTMLParser.m in Sources */ = {isa = PBXBuildFile; fileRef = 7785ECD51ABDC76100B4C223 /* HTMLParser.m */; };
		7785ECD91ABDC7BD00B4C223 /* libxml2.dylib in Frameworks */ = {isa = PBXBuildFile; fileRef = 7785ECD81ABDC7BD00B4C223 /* libxml2.dylib */; };
		7785ECEE1ABDD73700B4C223 /* AFHTTPRequestOperation.m in Sources */ = {isa = PBXBuildFile; fileRef = 7785ECDC1ABDD73700B4C223 /* AFHTTPRequestOperation.m */; };
		7785ECEF1ABDD73700B4C223 /* AFHTTPRequestOperationManager.m in Sources */ = {isa = PBXBuildFile; fileRef = 7785ECDE1ABDD73700B4C223 /* AFHTTPRequestOperationManager.m */; };
		7785ECF01ABDD73700B4C223 /* AFHTTPSessionManager.m in Sources */ = {isa = PBXBuildFile; fileRef = 7785ECE01ABDD73700B4C223 /* AFHTTPSessionManager.m */; };
		7785ECF11ABDD73700B4C223 /* AFNetworkReachabilityManager.m in Sources */ = {isa = PBXBuildFile; fileRef = 7785ECE31ABDD73700B4C223 /* AFNetworkReachabilityManager.m */; };
		7785ECF21ABDD73700B4C223 /* AFSecurityPolicy.m in Sources */ = {isa = PBXBuildFile; fileRef = 7785ECE51ABDD73700B4C223 /* AFSecurityPolicy.m */; };
		7785ECF31ABDD73700B4C223 /* AFURLConnectionOperation.m in Sources */ = {isa = PBXBuildFile; fileRef = 7785ECE71ABDD73700B4C223 /* AFURLConnectionOperation.m */; };
		7785ECF41ABDD73700B4C223 /* AFURLRequestSerialization.m in Sources */ = {isa = PBXBuildFile; fileRef = 7785ECE91ABDD73700B4C223 /* AFURLRequestSerialization.m */; };
		7785ECF51ABDD73700B4C223 /* AFURLResponseSerialization.m in Sources */ = {isa = PBXBuildFile; fileRef = 7785ECEB1ABDD73700B4C223 /* AFURLResponseSerialization.m */; };
		7785ECF61ABDD73700B4C223 /* AFURLSessionManager.m in Sources */ = {isa = PBXBuildFile; fileRef = 7785ECED1ABDD73700B4C223 /* AFURLSessionManager.m */; };
		7799610E1AC3D961009B3B15 /* CommentController.m in Sources */ = {isa = PBXBuildFile; fileRef = 7799610D1AC3D961009B3B15 /* CommentController.m */; };
		779961811AC0445D00D4CE6B /* csh.plist in Resources */ = {isa = PBXBuildFile; fileRef = 779961801AC0445D00D4CE6B /* csh.plist */; };
		779961861AC0E61A00D4CE6B /* ZuSimpelColor.m in Sources */ = {isa = PBXBuildFile; fileRef = 779961851AC0E61A00D4CE6B /* ZuSimpelColor.m */; };
		779CE0A11AC551AA002653D6 /* JWBlurView.m in Sources */ = {isa = PBXBuildFile; fileRef = 779CE09F1AC551AA002653D6 /* JWBlurView.m */; };
		779CE0A41AC5523B002653D6 /* DetailController+ENPopUp.m in Sources */ = {isa = PBXBuildFile; fileRef = 779CE0A31AC5523B002653D6 /* DetailController+ENPopUp.m */; };
		77D346241ABFC2D500E87931 /* DetailController.m in Sources */ = {isa = PBXBuildFile; fileRef = 77D346231ABFC2D500E87931 /* DetailController.m */; };
		77DB5FD31AC12A6600647C43 /* style.css in Resources */ = {isa = PBXBuildFile; fileRef = 77DB5FD21AC12A6600647C43 /* style.css */; };
		77DB5FD61AC134D500647C43 /* Vollkorn-Bold.ttf in Resources */ = {isa = PBXBuildFile; fileRef = 77DB5FD51AC1303300647C43 /* Vollkorn-Bold.ttf */; };
		77DB5FD71AC134D500647C43 /* Senty.ttf in Resources */ = {isa = PBXBuildFile; fileRef = 77DB5FD41AC12EB000647C43 /* Senty.ttf */; };
		77DB5FD91AC1399600647C43 /* DejaVuSansMono.ttf in Resources */ = {isa = PBXBuildFile; fileRef = 77DB5FD81AC1394F00647C43 /* DejaVuSansMono.ttf */; };
		7DC486761AA581FB00A075F4 /* main.m in Sources */ = {isa = PBXBuildFile; fileRef = 7DC486751AA581FB00A075F4 /* main.m */; };
		7DC486791AA581FB00A075F4 /* AppDelegate.m in Sources */ = {isa = PBXBuildFile; fileRef = 7DC486781AA581FB00A075F4 /* AppDelegate.m */; };
		7DC4867C1AA581FB00A075F4 /* ViewController.m in Sources */ = {isa = PBXBuildFile; fileRef = 7DC4867B1AA581FB00A075F4 /* ViewController.m */; };
		7DC4867F1AA581FB00A075F4 /* Main.storyboard in Resources */ = {isa = PBXBuildFile; fileRef = 7DC4867D1AA581FB00A075F4 /* Main.storyboard */; };
		7DC486841AA581FB00A075F4 /* LaunchScreen.xib in Resources */ = {isa = PBXBuildFile; fileRef = 7DC486821AA581FB00A075F4 /* LaunchScreen.xib */; };
		7DC486901AA581FB00A075F4 /* __Tests.m in Sources */ = {isa = PBXBuildFile; fileRef = 7DC4868F1AA581FB00A075F4 /* __Tests.m */; };
		7DC486B41AA584C500A075F4 /* statuses.plist in Resources */ = {isa = PBXBuildFile; fileRef = 7DC486B31AA584C500A075F4 /* statuses.plist */; };
		7DC486B71AA585DA00A075F4 /* NJWeibo.m in Sources */ = {isa = PBXBuildFile; fileRef = 7DC486B61AA585DA00A075F4 /* NJWeibo.m */; };
		7DDDCA2D1AA5921F00FA0EEE /* JHWeiboCell.m in Sources */ = {isa = PBXBuildFile; fileRef = 7DDDCA2C1AA5921F00FA0EEE /* JHWeiboCell.m */; };
		7DDDCA301AA5C69100FA0EEE /* JHWeiboFrame.m in Sources */ = {isa = PBXBuildFile; fileRef = 7DDDCA2F1AA5C69100FA0EEE /* JHWeiboFrame.m */; };
/* End PBXBuildFile section */

/* Begin PBXContainerItemProxy section */
		7DC4868A1AA581FB00A075F4 /* PBXContainerItemProxy */ = {
			isa = PBXContainerItemProxy;
			containerPortal = 7DC486681AA581FB00A075F4 /* Project object */;
			proxyType = 1;
			remoteGlobalIDString = 7DC4866F1AA581FB00A075F4;
			remoteInfo = "微博";
		};
/* End PBXContainerItemProxy section */

/* Begin PBXFileReference section */
		770D602B1AC1B8F800258560 /* UIView+YALConstraints.h */ = {isa = PBXFileReference; fileEncoding = 4; lastKnownFileType = sourcecode.c.h; path = "UIView+YALConstraints.h"; sourceTree = "<group>"; };
		770D602C1AC1B8F800258560 /* UIView+YALConstraints.m */ = {isa = PBXFileReference; fileEncoding = 4; lastKnownFileType = sourcecode.c.objc; path = "UIView+YALConstraints.m"; sourceTree = "<group>"; };
		770D602D1AC1B8F800258560 /* YALContextMenuCell.h */ = {isa = PBXFileReference; fileEncoding = 4; lastKnownFileType = sourcecode.c.h; path = YALContextMenuCell.h; sourceTree = "<group>"; };
		770D602E1AC1B8F800258560 /* YALContextMenuTableView.h */ = {isa = PBXFileReference; fileEncoding = 4; lastKnownFileType = sourcecode.c.h; path = YALContextMenuTableView.h; sourceTree = "<group>"; };
		770D602F1AC1B8F800258560 /* YALContextMenuTableView.m */ = {isa = PBXFileReference; fileEncoding = 4; lastKnownFileType = sourcecode.c.objc; path = YALContextMenuTableView.m; sourceTree = "<group>"; };
		770D60301AC1B8F800258560 /* YALNavigationBar.h */ = {isa = PBXFileReference; fileEncoding = 4; lastKnownFileType = sourcecode.c.h; path = YALNavigationBar.h; sourceTree = "<group>"; };
		770D60311AC1B8F800258560 /* YALNavigationBar.m */ = {isa = PBXFileReference; fileEncoding = 4; lastKnownFileType = sourcecode.c.objc; path = YALNavigationBar.m; sourceTree = "<group>"; };
		770D60361AC1BA5600258560 /* ContextMenuCell.h */ = {isa = PBXFileReference; fileEncoding = 4; lastKnownFileType = sourcecode.c.h; path = ContextMenuCell.h; sourceTree = "<group>"; };
		770D60371AC1BA5600258560 /* ContextMenuCell.m */ = {isa = PBXFileReference; fileEncoding = 4; lastKnownFileType = sourcecode.c.objc; path = ContextMenuCell.m; sourceTree = "<group>"; };
		770D60381AC1BA5600258560 /* ContextMenuCell.xib */ = {isa = PBXFileReference; fileEncoding = 4; lastKnownFileType = file.xib; path = ContextMenuCell.xib; sourceTree = "<group>"; };
		772179221AC039AD0058649B /* BarItem.h */ = {isa = PBXFileReference; fileEncoding = 4; lastKnownFileType = sourcecode.c.h; path = BarItem.h; sourceTree = "<group>"; };
		772179231AC039AD0058649B /* BarItem.m */ = {isa = PBXFileReference; fileEncoding = 4; lastKnownFileType = sourcecode.c.objc; path = BarItem.m; sourceTree = "<group>"; };
		772179241AC039AD0058649B /* CBStoreHouseRefreshControl.h */ = {isa = PBXFileReference; fileEncoding = 4; lastKnownFileType = sourcecode.c.h; path = CBStoreHouseRefreshControl.h; sourceTree = "<group>"; };
		772179251AC039AD0058649B /* CBStoreHouseRefreshControl.m */ = {isa = PBXFileReference; fileEncoding = 4; lastKnownFileType = sourcecode.c.objc; path = CBStoreHouseRefreshControl.m; sourceTree = "<group>"; };
		773C8C841AC1CEC30047A1E1 /* newc.png */ = {isa = PBXFileReference; lastKnownFileType = image.png; path = newc.png; sourceTree = "<group>"; };
		773C8C861AC1CF010047A1E1 /* comments.png */ = {isa = PBXFileReference; lastKnownFileType = image.png; path = comments.png; sourceTree = "<group>"; };
		773C8C881AC1CF330047A1E1 /* share.png */ = {isa = PBXFileReference; lastKnownFileType = image.png; path = share.png; sourceTree = "<group>"; };
		773C8C8A1AC1CF600047A1E1 /* close.png */ = {isa = PBXFileReference; lastKnownFileType = image.png; path = close.png; sourceTree = "<group>"; };
		7750DE4F1AC1C39E00B98ABA /* Images.xcassets */ = {isa = PBXFileReference; lastKnownFileType = folder.assetcatalog; path = Images.xcassets; sourceTree = "<group>"; };
		7785ECD21ABDC76100B4C223 /* HTMLNode.h */ = {isa = PBXFileReference; fileEncoding = 4; lastKnownFileType = sourcecode.c.h; path = HTMLNode.h; sourceTree = "<group>"; };
		7785ECD31ABDC76100B4C223 /* HTMLNode.m */ = {isa = PBXFileReference; fileEncoding = 4; lastKnownFileType = sourcecode.c.objc; path = HTMLNode.m; sourceTree = "<group>"; };
		7785ECD41ABDC76100B4C223 /* HTMLParser.h */ = {isa = PBXFileReference; fileEncoding = 4; lastKnownFileType = sourcecode.c.h; path = HTMLParser.h; sourceTree = "<group>"; };
		7785ECD51ABDC76100B4C223 /* HTMLParser.m */ = {isa = PBXFileReference; fileEncoding = 4; lastKnownFileType = sourcecode.c.objc; path = HTMLParser.m; sourceTree = "<group>"; };
		7785ECD81ABDC7BD00B4C223 /* libxml2.dylib */ = {isa = PBXFileReference; lastKnownFileType = "compiled.mach-o.dylib"; name = libxml2.dylib; path = usr/lib/libxml2.dylib; sourceTree = SDKROOT; };
		7785ECDB1ABDD73700B4C223 /* AFHTTPRequestOperation.h */ = {isa = PBXFileReference; fileEncoding = 4; lastKnownFileType = sourcecode.c.h; path = AFHTTPRequestOperation.h; sourceTree = "<group>"; };
		7785ECDC1ABDD73700B4C223 /* AFHTTPRequestOperation.m */ = {isa = PBXFileReference; fileEncoding = 4; lastKnownFileType = sourcecode.c.objc; path = AFHTTPRequestOperation.m; sourceTree = "<group>"; };
		7785ECDD1ABDD73700B4C223 /* AFHTTPRequestOperationManager.h */ = {isa = PBXFileReference; fileEncoding = 4; lastKnownFileType = sourcecode.c.h; path = AFHTTPRequestOperationManager.h; sourceTree = "<group>"; };
		7785ECDE1ABDD73700B4C223 /* AFHTTPRequestOperationManager.m */ = {isa = PBXFileReference; fileEncoding = 4; lastKnownFileType = sourcecode.c.objc; path = AFHTTPRequestOperationManager.m; sourceTree = "<group>"; };
		7785ECDF1ABDD73700B4C223 /* AFHTTPSessionManager.h */ = {isa = PBXFileReference; fileEncoding = 4; lastKnownFileType = sourcecode.c.h; path = AFHTTPSessionManager.h; sourceTree = "<group>"; };
		7785ECE01ABDD73700B4C223 /* AFHTTPSessionManager.m */ = {isa = PBXFileReference; fileEncoding = 4; lastKnownFileType = sourcecode.c.objc; path = AFHTTPSessionManager.m; sourceTree = "<group>"; };
		7785ECE11ABDD73700B4C223 /* AFNetworking.h */ = {isa = PBXFileReference; fileEncoding = 4; lastKnownFileType = sourcecode.c.h; path = AFNetworking.h; sourceTree = "<group>"; };
		7785ECE21ABDD73700B4C223 /* AFNetworkReachabilityManager.h */ = {isa = PBXFileReference; fileEncoding = 4; lastKnownFileType = sourcecode.c.h; path = AFNetworkReachabilityManager.h; sourceTree = "<group>"; };
		7785ECE31ABDD73700B4C223 /* AFNetworkReachabilityManager.m */ = {isa = PBXFileReference; fileEncoding = 4; lastKnownFileType = sourcecode.c.objc; path = AFNetworkReachabilityManager.m; sourceTree = "<group>"; };
		7785ECE41ABDD73700B4C223 /* AFSecurityPolicy.h */ = {isa = PBXFileReference; fileEncoding = 4; lastKnownFileType = sourcecode.c.h; path = AFSecurityPolicy.h; sourceTree = "<group>"; };
		7785ECE51ABDD73700B4C223 /* AFSecurityPolicy.m */ = {isa = PBXFileReference; fileEncoding = 4; lastKnownFileType = sourcecode.c.objc; path = AFSecurityPolicy.m; sourceTree = "<group>"; };
		7785ECE61ABDD73700B4C223 /* AFURLConnectionOperation.h */ = {isa = PBXFileReference; fileEncoding = 4; lastKnownFileType = sourcecode.c.h; path = AFURLConnectionOperation.h; sourceTree = "<group>"; };
		7785ECE71ABDD73700B4C223 /* AFURLConnectionOperation.m */ = {isa = PBXFileReference; fileEncoding = 4; lastKnownFileType = sourcecode.c.objc; path = AFURLConnectionOperation.m; sourceTree = "<group>"; };
		7785ECE81ABDD73700B4C223 /* AFURLRequestSerialization.h */ = {isa = PBXFileReference; fileEncoding = 4; lastKnownFileType = sourcecode.c.h; path = AFURLRequestSerialization.h; sourceTree = "<group>"; };
		7785ECE91ABDD73700B4C223 /* AFURLRequestSerialization.m */ = {isa = PBXFileReference; fileEncoding = 4; lastKnownFileType = sourcecode.c.objc; path = AFURLRequestSerialization.m; sourceTree = "<group>"; };
		7785ECEA1ABDD73700B4C223 /* AFURLResponseSerialization.h */ = {isa = PBXFileReference; fileEncoding = 4; lastKnownFileType = sourcecode.c.h; path = AFURLResponseSerialization.h; sourceTree = "<group>"; };
		7785ECEB1ABDD73700B4C223 /* AFURLResponseSerialization.m */ = {isa = PBXFileReference; fileEncoding = 4; lastKnownFileType = sourcecode.c.objc; path = AFURLResponseSerialization.m; sourceTree = "<group>"; };
		7785ECEC1ABDD73700B4C223 /* AFURLSessionManager.h */ = {isa = PBXFileReference; fileEncoding = 4; lastKnownFileType = sourcecode.c.h; path = AFURLSessionManager.h; sourceTree = "<group>"; };
		7785ECED1ABDD73700B4C223 /* AFURLSessionManager.m */ = {isa = PBXFileReference; fileEncoding = 4; lastKnownFileType = sourcecode.c.objc; path = AFURLSessionManager.m; sourceTree = "<group>"; };
		7799610C1AC3D961009B3B15 /* CommentController.h */ = {isa = PBXFileReference; fileEncoding = 4; lastKnownFileType = sourcecode.c.h; path = CommentController.h; sourceTree = "<group>"; };
		7799610D1AC3D961009B3B15 /* CommentController.m */ = {isa = PBXFileReference; fileEncoding = 4; lastKnownFileType = sourcecode.c.objc; path = CommentController.m; sourceTree = "<group>"; };
		779961801AC0445D00D4CE6B /* csh.plist */ = {isa = PBXFileReference; fileEncoding = 4; lastKnownFileType = text.plist.xml; path = csh.plist; sourceTree = "<group>"; };
		779961841AC0E61A00D4CE6B /* ZuSimpelColor.h */ = {isa = PBXFileReference; fileEncoding = 4; lastKnownFileType = sourcecode.c.h; path = ZuSimpelColor.h; sourceTree = "<group>"; };
		779961851AC0E61A00D4CE6B /* ZuSimpelColor.m */ = {isa = PBXFileReference; fileEncoding = 4; lastKnownFileType = sourcecode.c.objc; path = ZuSimpelColor.m; sourceTree = "<group>"; };
		779CE09E1AC551AA002653D6 /* JWBlurView.h */ = {isa = PBXFileReference; fileEncoding = 4; lastKnownFileType = sourcecode.c.h; path = JWBlurView.h; sourceTree = "<group>"; };
		779CE09F1AC551AA002653D6 /* JWBlurView.m */ = {isa = PBXFileReference; fileEncoding = 4; lastKnownFileType = sourcecode.c.objc; path = JWBlurView.m; sourceTree = "<group>"; };
		779CE0A21AC5523B002653D6 /* DetailController+ENPopUp.h */ = {isa = PBXFileReference; fileEncoding = 4; lastKnownFileType = sourcecode.c.h; path = "DetailController+ENPopUp.h"; sourceTree = "<group>"; };
		779CE0A31AC5523B002653D6 /* DetailController+ENPopUp.m */ = {isa = PBXFileReference; fileEncoding = 4; lastKnownFileType = sourcecode.c.objc; path = "DetailController+ENPopUp.m"; sourceTree = "<group>"; };
		77D346221ABFC2D500E87931 /* DetailController.h */ = {isa = PBXFileReference; fileEncoding = 4; lastKnownFileType = sourcecode.c.h; path = DetailController.h; sourceTree = "<group>"; };
		77D346231ABFC2D500E87931 /* DetailController.m */ = {isa = PBXFileReference; fileEncoding = 4; lastKnownFileType = sourcecode.c.objc; path = DetailController.m; sourceTree = "<group>"; };
		77DB5FD21AC12A6600647C43 /* style.css */ = {isa = PBXFileReference; fileEncoding = 4; lastKnownFileType = text.css; path = style.css; sourceTree = "<group>"; };
		77DB5FD41AC12EB000647C43 /* Senty.ttf */ = {isa = PBXFileReference; lastKnownFileType = file; path = Senty.ttf; sourceTree = "<group>"; };
		77DB5FD51AC1303300647C43 /* Vollkorn-Bold.ttf */ = {isa = PBXFileReference; lastKnownFileType = file; path = "Vollkorn-Bold.ttf"; sourceTree = "<group>"; };
		77DB5FD81AC1394F00647C43 /* DejaVuSansMono.ttf */ = {isa = PBXFileReference; lastKnownFileType = file; path = DejaVuSansMono.ttf; sourceTree = "<group>"; };
		7DC486701AA581FB00A075F4 /* 微博.app */ = {isa = PBXFileReference; explicitFileType = wrapper.application; includeInIndex = 0; path = "微博.app"; sourceTree = BUILT_PRODUCTS_DIR; };
		7DC486741AA581FB00A075F4 /* Info.plist */ = {isa = PBXFileReference; lastKnownFileType = text.plist.xml; path = Info.plist; sourceTree = "<group>"; };
		7DC486751AA581FB00A075F4 /* main.m */ = {isa = PBXFileReference; lastKnownFileType = sourcecode.c.objc; path = main.m; sourceTree = "<group>"; };
		7DC486771AA581FB00A075F4 /* AppDelegate.h */ = {isa = PBXFileReference; lastKnownFileType = sourcecode.c.h; path = AppDelegate.h; sourceTree = "<group>"; };
		7DC486781AA581FB00A075F4 /* AppDelegate.m */ = {isa = PBXFileReference; lastKnownFileType = sourcecode.c.objc; path = AppDelegate.m; sourceTree = "<group>"; };
		7DC4867A1AA581FB00A075F4 /* ViewController.h */ = {isa = PBXFileReference; lastKnownFileType = sourcecode.c.h; path = ViewController.h; sourceTree = "<group>"; };
		7DC4867B1AA581FB00A075F4 /* ViewController.m */ = {isa = PBXFileReference; lastKnownFileType = sourcecode.c.objc; path = ViewController.m; sourceTree = "<group>"; };
		7DC4867E1AA581FB00A075F4 /* Base */ = {isa = PBXFileReference; lastKnownFileType = file.storyboard; name = Base; path = Base.lproj/Main.storyboard; sourceTree = "<group>"; };
		7DC486831AA581FB00A075F4 /* Base */ = {isa = PBXFileReference; lastKnownFileType = file.xib; name = Base; path = Base.lproj/LaunchScreen.xib; sourceTree = "<group>"; };
		7DC486891AA581FB00A075F4 /* 微博Tests.xctest */ = {isa = PBXFileReference; explicitFileType = wrapper.cfbundle; includeInIndex = 0; path = "微博Tests.xctest"; sourceTree = BUILT_PRODUCTS_DIR; };
		7DC4868E1AA581FB00A075F4 /* Info.plist */ = {isa = PBXFileReference; lastKnownFileType = text.plist.xml; path = Info.plist; sourceTree = "<group>"; };
		7DC4868F1AA581FB00A075F4 /* __Tests.m */ = {isa = PBXFileReference; lastKnownFileType = sourcecode.c.objc; path = __Tests.m; sourceTree = "<group>"; };
		7DC486B31AA584C500A075F4 /* statuses.plist */ = {isa = PBXFileReference; fileEncoding = 4; lastKnownFileType = text.plist.xml; path = statuses.plist; sourceTree = "<group>"; };
		7DC486B51AA585DA00A075F4 /* NJWeibo.h */ = {isa = PBXFileReference; fileEncoding = 4; lastKnownFileType = sourcecode.c.h; path = NJWeibo.h; sourceTree = "<group>"; };
		7DC486B61AA585DA00A075F4 /* NJWeibo.m */ = {isa = PBXFileReference; fileEncoding = 4; lastKnownFileType = sourcecode.c.objc; path = NJWeibo.m; sourceTree = "<group>"; };
		7DDDCA2B1AA5921F00FA0EEE /* JHWeiboCell.h */ = {isa = PBXFileReference; fileEncoding = 4; lastKnownFileType = sourcecode.c.h; path = JHWeiboCell.h; sourceTree = "<group>"; };
		7DDDCA2C1AA5921F00FA0EEE /* JHWeiboCell.m */ = {isa = PBXFileReference; fileEncoding = 4; lastKnownFileType = sourcecode.c.objc; path = JHWeiboCell.m; sourceTree = "<group>"; };
		7DDDCA2E1AA5C69100FA0EEE /* JHWeiboFrame.h */ = {isa = PBXFileReference; fileEncoding = 4; lastKnownFileType = sourcecode.c.h; path = JHWeiboFrame.h; sourceTree = "<group>"; };
		7DDDCA2F1AA5C69100FA0EEE /* JHWeiboFrame.m */ = {isa = PBXFileReference; fileEncoding = 4; lastKnownFileType = sourcecode.c.objc; path = JHWeiboFrame.m; sourceTree = "<group>"; };
/* End PBXFileReference section */

/* Begin PBXFrameworksBuildPhase section */
		7DC4866D1AA581FB00A075F4 /* Frameworks */ = {
			isa = PBXFrameworksBuildPhase;
			buildActionMask = 2147483647;
			files = (
				7785ECD91ABDC7BD00B4C223 /* libxml2.dylib in Frameworks */,
			);
			runOnlyForDeploymentPostprocessing = 0;
		};
		7DC486861AA581FB00A075F4 /* Frameworks */ = {
			isa = PBXFrameworksBuildPhase;
			buildActionMask = 2147483647;
			files = (
			);
			runOnlyForDeploymentPostprocessing = 0;
		};
/* End PBXFrameworksBuildPhase section */

/* Begin PBXGroup section */
		770D602A1AC1B8F800258560 /* YALContextMenu */ = {
			isa = PBXGroup;
			children = (
				770D602B1AC1B8F800258560 /* UIView+YALConstraints.h */,
				770D602C1AC1B8F800258560 /* UIView+YALConstraints.m */,
				770D602D1AC1B8F800258560 /* YALContextMenuCell.h */,
				770D602E1AC1B8F800258560 /* YALContextMenuTableView.h */,
				770D602F1AC1B8F800258560 /* YALContextMenuTableView.m */,
				770D60301AC1B8F800258560 /* YALNavigationBar.h */,
				770D60311AC1B8F800258560 /* YALNavigationBar.m */,
			);
			path = YALContextMenu;
			sourceTree = "<group>";
		};
		770D60351AC1BA5600258560 /* ContextMenuCell */ = {
			isa = PBXGroup;
			children = (
				770D60361AC1BA5600258560 /* ContextMenuCell.h */,
				770D60371AC1BA5600258560 /* ContextMenuCell.m */,
				770D60381AC1BA5600258560 /* ContextMenuCell.xib */,
			);
			path = ContextMenuCell;
			sourceTree = "<group>";
		};
		772179211AC039AD0058649B /* Class */ = {
			isa = PBXGroup;
			children = (
				772179221AC039AD0058649B /* BarItem.h */,
				772179231AC039AD0058649B /* BarItem.m */,
				772179241AC039AD0058649B /* CBStoreHouseRefreshControl.h */,
				772179251AC039AD0058649B /* CBStoreHouseRefreshControl.m */,
			);
			path = Class;
			sourceTree = "<group>";
		};
		7785ECD11ABDC76100B4C223 /* HTMLParser */ = {
			isa = PBXGroup;
			children = (
				7785ECD21ABDC76100B4C223 /* HTMLNode.h */,
				7785ECD31ABDC76100B4C223 /* HTMLNode.m */,
				7785ECD41ABDC76100B4C223 /* HTMLParser.h */,
				7785ECD51ABDC76100B4C223 /* HTMLParser.m */,
			);
			path = HTMLParser;
			sourceTree = "<group>";
		};
		7785ECDA1ABDD73700B4C223 /* AFNetworking */ = {
			isa = PBXGroup;
			children = (
				7785ECDB1ABDD73700B4C223 /* AFHTTPRequestOperation.h */,
				7785ECDC1ABDD73700B4C223 /* AFHTTPRequestOperation.m */,
				7785ECDD1ABDD73700B4C223 /* AFHTTPRequestOperationManager.h */,
				7785ECDE1ABDD73700B4C223 /* AFHTTPRequestOperationManager.m */,
				7785ECDF1ABDD73700B4C223 /* AFHTTPSessionManager.h */,
				7785ECE01ABDD73700B4C223 /* AFHTTPSessionManager.m */,
				7785ECE11ABDD73700B4C223 /* AFNetworking.h */,
				7785ECE21ABDD73700B4C223 /* AFNetworkReachabilityManager.h */,
				7785ECE31ABDD73700B4C223 /* AFNetworkReachabilityManager.m */,
				7785ECE41ABDD73700B4C223 /* AFSecurityPolicy.h */,
				7785ECE51ABDD73700B4C223 /* AFSecurityPolicy.m */,
				7785ECE61ABDD73700B4C223 /* AFURLConnectionOperation.h */,
				7785ECE71ABDD73700B4C223 /* AFURLConnectionOperation.m */,
				7785ECE81ABDD73700B4C223 /* AFURLRequestSerialization.h */,
				7785ECE91ABDD73700B4C223 /* AFURLRequestSerialization.m */,
				7785ECEA1ABDD73700B4C223 /* AFURLResponseSerialization.h */,
				7785ECEB1ABDD73700B4C223 /* AFURLResponseSerialization.m */,
				7785ECEC1ABDD73700B4C223 /* AFURLSessionManager.h */,
				7785ECED1ABDD73700B4C223 /* AFURLSessionManager.m */,
			);
			path = AFNetworking;
			sourceTree = "<group>";
		};
		7DC486671AA581FB00A075F4 = {
			isa = PBXGroup;
			children = (
				7785ECD81ABDC7BD00B4C223 /* libxml2.dylib */,
				7DC486721AA581FB00A075F4 /* 微博 */,
				7DC4868C1AA581FB00A075F4 /* 微博Tests */,
				7DC486711AA581FB00A075F4 /* Products */,
			);
			sourceTree = "<group>";
		};
		7DC486711AA581FB00A075F4 /* Products */ = {
			isa = PBXGroup;
			children = (
				7DC486701AA581FB00A075F4 /* 微博.app */,
				7DC486891AA581FB00A075F4 /* 微博Tests.xctest */,
			);
			name = Products;
			sourceTree = "<group>";
		};
		7DC486721AA581FB00A075F4 /* 微博 */ = {
			isa = PBXGroup;
			children = (
				779CE0A21AC5523B002653D6 /* DetailController+ENPopUp.h */,
				779CE0A31AC5523B002653D6 /* DetailController+ENPopUp.m */,
				770D60351AC1BA5600258560 /* ContextMenuCell */,
				7785ECDA1ABDD73700B4C223 /* AFNetworking */,
				770D602A1AC1B8F800258560 /* YALContextMenu */,
				779961841AC0E61A00D4CE6B /* ZuSimpelColor.h */,
				779961851AC0E61A00D4CE6B /* ZuSimpelColor.m */,
				772179211AC039AD0058649B /* Class */,
				7785ECD11ABDC76100B4C223 /* HTMLParser */,
				7DC486B51AA585DA00A075F4 /* NJWeibo.h */,
				7DC486B61AA585DA00A075F4 /* NJWeibo.m */,
				7DC486771AA581FB00A075F4 /* AppDelegate.h */,
				7DC486781AA581FB00A075F4 /* AppDelegate.m */,
				7DC4867A1AA581FB00A075F4 /* ViewController.h */,
				7DC4867B1AA581FB00A075F4 /* ViewController.m */,
				7DDDCA2B1AA5921F00FA0EEE /* JHWeiboCell.h */,
				779CE09E1AC551AA002653D6 /* JWBlurView.h */,
				779CE09F1AC551AA002653D6 /* JWBlurView.m */,
				7DDDCA2C1AA5921F00FA0EEE /* JHWeiboCell.m */,
				7DDDCA2E1AA5C69100FA0EEE /* JHWeiboFrame.h */,
				7DDDCA2F1AA5C69100FA0EEE /* JHWeiboFrame.m */,
				7DC4867D1AA581FB00A075F4 /* Main.storyboard */,
				7799610C1AC3D961009B3B15 /* CommentController.h */,
				7799610D1AC3D961009B3B15 /* CommentController.m */,
				77D346221ABFC2D500E87931 /* DetailController.h */,
				77D346231ABFC2D500E87931 /* DetailController.m */,
				7750DE4F1AC1C39E00B98ABA /* Images.xcassets */,
				7DC486821AA581FB00A075F4 /* LaunchScreen.xib */,
				7DC486731AA581FB00A075F4 /* Supporting Files */,
			);
			path = "微博";
			sourceTree = "<group>";
		};
		7DC486731AA581FB00A075F4 /* Supporting Files */ = {
			isa = PBXGroup;
			children = (
				773C8C861AC1CF010047A1E1 /* comments.png */,
				773C8C841AC1CEC30047A1E1 /* newc.png */,
				773C8C8A1AC1CF600047A1E1 /* close.png */,
				77DB5FD81AC1394F00647C43 /* DejaVuSansMono.ttf */,
				77DB5FD51AC1303300647C43 /* Vollkorn-Bold.ttf */,
				773C8C881AC1CF330047A1E1 /* share.png */,
				77DB5FD21AC12A6600647C43 /* style.css */,
				77DB5FD41AC12EB000647C43 /* Senty.ttf */,
				7DC486B31AA584C500A075F4 /* statuses.plist */,
				779961801AC0445D00D4CE6B /* csh.plist */,
				7DC486741AA581FB00A075F4 /* Info.plist */,
				7DC486751AA581FB00A075F4 /* main.m */,
			);
			name = "Supporting Files";
			sourceTree = "<group>";
		};
		7DC4868C1AA581FB00A075F4 /* 微博Tests */ = {
			isa = PBXGroup;
			children = (
				7DC4868F1AA581FB00A075F4 /* __Tests.m */,
				7DC4868D1AA581FB00A075F4 /* Supporting Files */,
			);
			path = "微博Tests";
			sourceTree = "<group>";
		};
		7DC4868D1AA581FB00A075F4 /* Supporting Files */ = {
			isa = PBXGroup;
			children = (
				7DC4868E1AA581FB00A075F4 /* Info.plist */,
			);
			name = "Supporting Files";
			sourceTree = "<group>";
		};
/* End PBXGroup section */

/* Begin PBXNativeTarget section */
		7DC4866F1AA581FB00A075F4 /* 微博 */ = {
			isa = PBXNativeTarget;
			buildConfigurationList = 7DC486931AA581FB00A075F4 /* Build configuration list for PBXNativeTarget "微博" */;
			buildPhases = (
				7DC4866C1AA581FB00A075F4 /* Sources */,
				7DC4866D1AA581FB00A075F4 /* Frameworks */,
				7DC4866E1AA581FB00A075F4 /* Resources */,
			);
			buildRules = (
			);
			dependencies = (
			);
			name = "微博";
			productName = "微博";
			productReference = 7DC486701AA581FB00A075F4 /* 微博.app */;
			productType = "com.apple.product-type.application";
		};
		7DC486881AA581FB00A075F4 /* 微博Tests */ = {
			isa = PBXNativeTarget;
			buildConfigurationList = 7DC486961AA581FB00A075F4 /* Build configuration list for PBXNativeTarget "微博Tests" */;
			buildPhases = (
				7DC486851AA581FB00A075F4 /* Sources */,
				7DC486861AA581FB00A075F4 /* Frameworks */,
				7DC486871AA581FB00A075F4 /* Resources */,
			);
			buildRules = (
			);
			dependencies = (
				7DC4868B1AA581FB00A075F4 /* PBXTargetDependency */,
			);
			name = "微博Tests";
			productName = "微博Tests";
			productReference = 7DC486891AA581FB00A075F4 /* 微博Tests.xctest */;
			productType = "com.apple.product-type.bundle.unit-test";
		};
/* End PBXNativeTarget section */

/* Begin PBXProject section */
		7DC486681AA581FB00A075F4 /* Project object */ = {
			isa = PBXProject;
			attributes = {
				LastUpgradeCheck = 0610;
				ORGANIZATIONNAME = jinheng;
				TargetAttributes = {
					7DC4866F1AA581FB00A075F4 = {
						CreatedOnToolsVersion = 6.1.1;
					};
					7DC486881AA581FB00A075F4 = {
						CreatedOnToolsVersion = 6.1.1;
						TestTargetID = 7DC4866F1AA581FB00A075F4;
					};
				};
			};
			buildConfigurationList = 7DC4866B1AA581FB00A075F4 /* Build configuration list for PBXProject "微博" */;
			compatibilityVersion = "Xcode 3.2";
			developmentRegion = English;
			hasScannedForEncodings = 0;
			knownRegions = (
				en,
				Base,
			);
			mainGroup = 7DC486671AA581FB00A075F4;
			productRefGroup = 7DC486711AA581FB00A075F4 /* Products */;
			projectDirPath = "";
			projectRoot = "";
			targets = (
				7DC4866F1AA581FB00A075F4 /* 微博 */,
				7DC486881AA581FB00A075F4 /* 微博Tests */,
			);
		};
/* End PBXProject section */

/* Begin PBXResourcesBuildPhase section */
		7DC4866E1AA581FB00A075F4 /* Resources */ = {
			isa = PBXResourcesBuildPhase;
			buildActionMask = 2147483647;
			files = (
				773C8C8B1AC1CF600047A1E1 /* close.png in Resources */,
				77DB5FD91AC1399600647C43 /* DejaVuSansMono.ttf in Resources */,
				7750DE501AC1C39E00B98ABA /* Images.xcassets in Resources */,
				77DB5FD61AC134D500647C43 /* Vollkorn-Bold.ttf in Resources */,
				77DB5FD71AC134D500647C43 /* Senty.ttf in Resources */,
				779961811AC0445D00D4CE6B /* csh.plist in Resources */,
				773C8C871AC1CF010047A1E1 /* comments.png in Resources */,
				77DB5FD31AC12A6600647C43 /* style.css in Resources */,
				773C8C891AC1CF330047A1E1 /* share.png in Resources */,
				7DC486B41AA584C500A075F4 /* statuses.plist in Resources */,
				770D603A1AC1BA5600258560 /* ContextMenuCell.xib in Resources */,
				7DC4867F1AA581FB00A075F4 /* Main.storyboard in Resources */,
				773C8C851AC1CEC30047A1E1 /* newc.png in Resources */,
				7DC486841AA581FB00A075F4 /* LaunchScreen.xib in Resources */,
			);
			runOnlyForDeploymentPostprocessing = 0;
		};
		7DC486871AA581FB00A075F4 /* Resources */ = {
			isa = PBXResourcesBuildPhase;
			buildActionMask = 2147483647;
			files = (
			);
			runOnlyForDeploymentPostprocessing = 0;
		};
/* End PBXResourcesBuildPhase section */

/* Begin PBXSourcesBuildPhase section */
		7DC4866C1AA581FB00A075F4 /* Sources */ = {
			isa = PBXSourcesBuildPhase;
			buildActionMask = 2147483647;
			files = (
				779CE0A11AC551AA002653D6 /* JWBlurView.m in Sources */,
				772179261AC039AD0058649B /* BarItem.m in Sources */,
				779CE0A41AC5523B002653D6 /* DetailController+ENPopUp.m in Sources */,
				7785ECF61ABDD73700B4C223 /* AFURLSessionManager.m in Sources */,
				7785ECF31ABDD73700B4C223 /* AFURLConnectionOperation.m in Sources */,
				770D60331AC1B8F800258560 /* YALContextMenuTableView.m in Sources */,
				77D346241ABFC2D500E87931 /* DetailController.m in Sources */,
				7785ECEE1ABDD73700B4C223 /* AFHTTPRequestOperation.m in Sources */,
				7785ECD61ABDC76100B4C223 /* HTMLNode.m in Sources */,
				770D60321AC1B8F800258560 /* UIView+YALConstraints.m in Sources */,
				7785ECEF1ABDD73700B4C223 /* AFHTTPRequestOperationManager.m in Sources */,
				7785ECD71ABDC76100B4C223 /* HTMLParser.m in Sources */,
				7DC4867C1AA581FB00A075F4 /* ViewController.m in Sources */,
				7799610E1AC3D961009B3B15 /* CommentController.m in Sources */,
				7785ECF01ABDD73700B4C223 /* AFHTTPSessionManager.m in Sources */,
				7DDDCA2D1AA5921F00FA0EEE /* JHWeiboCell.m in Sources */,
				7DDDCA301AA5C69100FA0EEE /* JHWeiboFrame.m in Sources */,
				779961861AC0E61A00D4CE6B /* ZuSimpelColor.m in Sources */,
				7DC486791AA581FB00A075F4 /* AppDelegate.m in Sources */,
				770D60341AC1B8F800258560 /* YALNavigationBar.m in Sources */,
				772179271AC039AD0058649B /* CBStoreHouseRefreshControl.m in Sources */,
				7785ECF21ABDD73700B4C223 /* AFSecurityPolicy.m in Sources */,
				7DC486B71AA585DA00A075F4 /* NJWeibo.m in Sources */,
				7785ECF41ABDD73700B4C223 /* AFURLRequestSerialization.m in Sources */,
				7785ECF11ABDD73700B4C223 /* AFNetworkReachabilityManager.m in Sources */,
				7785ECF51ABDD73700B4C223 /* AFURLResponseSerialization.m in Sources */,
				770D60391AC1BA5600258560 /* ContextMenuCell.m in Sources */,
				7DC486761AA581FB00A075F4 /* main.m in Sources */,
			);
			runOnlyForDeploymentPostprocessing = 0;
		};
		7DC486851AA581FB00A075F4 /* Sources */ = {
			isa = PBXSourcesBuildPhase;
			buildActionMask = 2147483647;
			files = (
				7DC486901AA581FB00A075F4 /* __Tests.m in Sources */,
			);
			runOnlyForDeploymentPostprocessing = 0;
		};
/* End PBXSourcesBuildPhase section */

/* Begin PBXTargetDependency section */
		7DC4868B1AA581FB00A075F4 /* PBXTargetDependency */ = {
			isa = PBXTargetDependency;
			target = 7DC4866F1AA581FB00A075F4 /* 微博 */;
			targetProxy = 7DC4868A1AA581FB00A075F4 /* PBXContainerItemProxy */;
		};
/* End PBXTargetDependency section */

/* Begin PBXVariantGroup section */
		7DC4867D1AA581FB00A075F4 /* Main.storyboard */ = {
			isa = PBXVariantGroup;
			children = (
				7DC4867E1AA581FB00A075F4 /* Base */,
			);
			name = Main.storyboard;
			sourceTree = "<group>";
		};
		7DC486821AA581FB00A075F4 /* LaunchScreen.xib */ = {
			isa = PBXVariantGroup;
			children = (
				7DC486831AA581FB00A075F4 /* Base */,
			);
			name = LaunchScreen.xib;
			sourceTree = "<group>";
		};
/* End PBXVariantGroup section */

/* Begin XCBuildConfiguration section */
		7DC486911AA581FB00A075F4 /* Debug */ = {
			isa = XCBuildConfiguration;
			buildSettings = {
				ALWAYS_SEARCH_USER_PATHS = NO;
				CLANG_CXX_LANGUAGE_STANDARD = "gnu++0x";
				CLANG_CXX_LIBRARY = "libc++";
				CLANG_ENABLE_MODULES = YES;
				CLANG_ENABLE_OBJC_ARC = YES;
				CLANG_WARN_BOOL_CONVERSION = YES;
				CLANG_WARN_CONSTANT_CONVERSION = YES;
				CLANG_WARN_DIRECT_OBJC_ISA_USAGE = YES_ERROR;
				CLANG_WARN_EMPTY_BODY = YES;
				CLANG_WARN_ENUM_CONVERSION = YES;
				CLANG_WARN_INT_CONVERSION = YES;
				CLANG_WARN_OBJC_ROOT_CLASS = YES_ERROR;
				CLANG_WARN_UNREACHABLE_CODE = YES;
				CLANG_WARN__DUPLICATE_METHOD_MATCH = YES;
				"CODE_SIGN_IDENTITY[sdk=iphoneos*]" = "iPhone Developer";
				COPY_PHASE_STRIP = NO;
				ENABLE_STRICT_OBJC_MSGSEND = YES;
				GCC_C_LANGUAGE_STANDARD = gnu99;
				GCC_DYNAMIC_NO_PIC = NO;
				GCC_OPTIMIZATION_LEVEL = 0;
				GCC_PREPROCESSOR_DEFINITIONS = (
					"DEBUG=1",
					"$(inherited)",
				);
				GCC_SYMBOLS_PRIVATE_EXTERN = NO;
				GCC_WARN_64_TO_32_BIT_CONVERSION = YES;
				GCC_WARN_ABOUT_RETURN_TYPE = YES_ERROR;
				GCC_WARN_UNDECLARED_SELECTOR = YES;
				GCC_WARN_UNINITIALIZED_AUTOS = YES_AGGRESSIVE;
				GCC_WARN_UNUSED_FUNCTION = YES;
				GCC_WARN_UNUSED_VARIABLE = YES;
				IPHONEOS_DEPLOYMENT_TARGET = 8.1;
				MTL_ENABLE_DEBUG_INFO = YES;
				ONLY_ACTIVE_ARCH = YES;
				SDKROOT = iphoneos;
			};
			name = Debug;
		};
		7DC486921AA581FB00A075F4 /* Release */ = {
			isa = XCBuildConfiguration;
			buildSettings = {
				ALWAYS_SEARCH_USER_PATHS = NO;
				CLANG_CXX_LANGUAGE_STANDARD = "gnu++0x";
				CLANG_CXX_LIBRARY = "libc++";
				CLANG_ENABLE_MODULES = YES;
				CLANG_ENABLE_OBJC_ARC = YES;
				CLANG_WARN_BOOL_CONVERSION = YES;
				CLANG_WARN_CONSTANT_CONVERSION = YES;
				CLANG_WARN_DIRECT_OBJC_ISA_USAGE = YES_ERROR;
				CLANG_WARN_EMPTY_BODY = YES;
				CLANG_WARN_ENUM_CONVERSION = YES;
				CLANG_WARN_INT_CONVERSION = YES;
				CLANG_WARN_OBJC_ROOT_CLASS = YES_ERROR;
				CLANG_WARN_UNREACHABLE_CODE = YES;
				CLANG_WARN__DUPLICATE_METHOD_MATCH = YES;
				"CODE_SIGN_IDENTITY[sdk=iphoneos*]" = "iPhone Developer";
				COPY_PHASE_STRIP = YES;
				ENABLE_NS_ASSERTIONS = NO;
				ENABLE_STRICT_OBJC_MSGSEND = YES;
				GCC_C_LANGUAGE_STANDARD = gnu99;
				GCC_WARN_64_TO_32_BIT_CONVERSION = YES;
				GCC_WARN_ABOUT_RETURN_TYPE = YES_ERROR;
				GCC_WARN_UNDECLARED_SELECTOR = YES;
				GCC_WARN_UNINITIALIZED_AUTOS = YES_AGGRESSIVE;
				GCC_WARN_UNUSED_FUNCTION = YES;
				GCC_WARN_UNUSED_VARIABLE = YES;
				IPHONEOS_DEPLOYMENT_TARGET = 8.1;
				MTL_ENABLE_DEBUG_INFO = NO;
				SDKROOT = iphoneos;
				VALIDATE_PRODUCT = YES;
			};
			name = Release;
		};
		7DC486941AA581FB00A075F4 /* Debug */ = {
			isa = XCBuildConfiguration;
			buildSettings = {
				ASSETCATALOG_COMPILER_APPICON_NAME = AppIcon;
				CLANG_ENABLE_MODULES = YES;
				DEFINES_MODULE = YES;
				EMBEDDED_CONTENT_CONTAINS_SWIFT = YES;
				HEADER_SEARCH_PATHS = "${SDK_ROOT}/usr/include/libxml2";
				INFOPLIST_FILE = "微博/Info.plist";
				LD_RUNPATH_SEARCH_PATHS = "$(inherited) @executable_path/Frameworks";
				PRODUCT_NAME = "$(TARGET_NAME)";
				SWIFT_OBJC_BRIDGING_HEADER = "$(SRCROOT)/微博/微博-Bridging-Header.h";
				SWIFT_OPTIMIZATION_LEVEL = "-Onone";
			};
			name = Debug;
		};
		7DC486951AA581FB00A075F4 /* Release */ = {
			isa = XCBuildConfiguration;
			buildSettings = {
				ASSETCATALOG_COMPILER_APPICON_NAME = AppIcon;
				CLANG_ENABLE_MODULES = YES;
				DEFINES_MODULE = YES;
				EMBEDDED_CONTENT_CONTAINS_SWIFT = YES;
				HEADER_SEARCH_PATHS = "${SDK_ROOT}/usr/include/libxml2";
				INFOPLIST_FILE = "微博/Info.plist";
				LD_RUNPATH_SEARCH_PATHS = "$(inherited) @executable_path/Frameworks";
				PRODUCT_NAME = "$(TARGET_NAME)";
				SWIFT_OBJC_BRIDGING_HEADER = "$(SRCROOT)/微博/微博-Bridging-Header.h";
			};
			name = Release;
		};
		7DC486971AA581FB00A075F4 /* Debug */ = {
			isa = XCBuildConfiguration;
			buildSettings = {
				BUNDLE_LOADER = "$(TEST_HOST)";
				FRAMEWORK_SEARCH_PATHS = (
					"$(SDKROOT)/Developer/Library/Frameworks",
					"$(inherited)",
				);
				GCC_PREPROCESSOR_DEFINITIONS = (
					"DEBUG=1",
					"$(inherited)",
				);
				INFOPLIST_FILE = "微博Tests/Info.plist";
				LD_RUNPATH_SEARCH_PATHS = "$(inherited) @executable_path/Frameworks @loader_path/Frameworks";
				PRODUCT_NAME = "$(TARGET_NAME)";
				TEST_HOST = "$(BUILT_PRODUCTS_DIR)/微博.app/微博";
			};
			name = Debug;
		};
		7DC486981AA581FB00A075F4 /* Release */ = {
			isa = XCBuildConfiguration;
			buildSettings = {
				BUNDLE_LOADER = "$(TEST_HOST)";
				FRAMEWORK_SEARCH_PATHS = (
					"$(SDKROOT)/Developer/Library/Frameworks",
					"$(inherited)",
				);
				INFOPLIST_FILE = "微博Tests/Info.plist";
				LD_RUNPATH_SEARCH_PATHS = "$(inherited) @executable_path/Frameworks @loader_path/Frameworks";
				PRODUCT_NAME = "$(TARGET_NAME)";
				TEST_HOST = "$(BUILT_PRODUCTS_DIR)/微博.app/微博";
			};
			name = Release;
		};
/* End XCBuildConfiguration section */

/* Begin XCConfigurationList section */
		7DC4866B1AA581FB00A075F4 /* Build configuration list for PBXProject "微博" */ = {
			isa = XCConfigurationList;
			buildConfigurations = (
				7DC486911AA581FB00A075F4 /* Debug */,
				7DC486921AA581FB00A075F4 /* Release */,
			);
			defaultConfigurationIsVisible = 0;
			defaultConfigurationName = Release;
		};
		7DC486931AA581FB00A075F4 /* Build configuration list for PBXNativeTarget "微博" */ = {
			isa = XCConfigurationList;
			buildConfigurations = (
				7DC486941AA581FB00A075F4 /* Debug */,
				7DC486951AA581FB00A075F4 /* Release */,
			);
			defaultConfigurationIsVisible = 0;
			defaultConfigurationName = Release;
		};
		7DC486961AA581FB00A075F4 /* Build configuration list for PBXNativeTarget "微博Tests" */ = {
			isa = XCConfigurationList;
			buildConfigurations = (
				7DC486971AA581FB00A075F4 /* Debug */,
				7DC486981AA581FB00A075F4 /* Release */,
			);
			defaultConfigurationIsVisible = 0;
			defaultConfigurationName = Release;
		};
/* End XCConfigurationList section */
	};
	rootObject = 7DC486681AA581FB00A075F4 /* Project object */;
}
